
Microsoft Visual Studio Solution File, Format Version 12.00
# Visual Studio Express 15 for Windows Desktop
VisualStudioVersion = 15.0.33026.149
MinimumVisualStudioVersion = 10.0.40219.1
Project("{8BC9CEB8-8B4A-11D0-8D11-00A0C91BC942}") = "ps", "ps\ps.vcxproj", "{60EFE9B2-5E10-4043-BFAC-2D6215F1FF97}"
EndProject
Global
	GlobalSection(SolutionConfigurationPlatforms) = preSolution
		Debug|x64 = Debug|x64
		Debug|x86 = Debug|x86
		Release|x64 = Release|x64
		Release|x86 = Release|x86
	EndGlobalSection
	GlobalSection(ProjectConfigurationPlatforms) = postSolution
		{60EFE9B2-5E10-4043-BFAC-2D6215F1FF97}.Debug|x64.ActiveCfg = Debug|x64
		{60EFE9B2-5E10-4043-BFAC-2D6215F1FF97}.Debug|x64.Build.0 = Debug|x64
		{60EFE9B2-5E10-4043-BFAC-2D6215F1FF97}.Debug|x86.ActiveCfg = Debug|Win32
		{60EFE9B2-5E10-4043-BFAC-2D6215F1FF97}.Debug|x86.Build.0 = Debug|Win32
		{60EFE9B2-5E10-4043-BFAC-2D6215F1FF97}.Release|x64.ActiveCfg = Release|x64
		{60EFE9B2-5E10-4043-BFAC-2D6215F1FF97}.Release|x64.Build.0 = Release|x64
		{60EFE9B2-5E10-4043-BFAC-2D6215F1FF97}.Release|x86.ActiveCfg = Release|Win32
		{60EFE9B2-5E10-4043-BFAC-2D6215F1FF97}.Release|x86.Build.0 = Release|Win32
	EndGlobalSection
	GlobalSection(SolutionProperties) = preSolution
		HideSolutionNode = FALSE
	EndGlobalSection
	GlobalSection(ExtensibilityGlobals) = postSolution
		SolutionGuid = {9B735CF6-2D0D-42AF-90A5-F0277EC0D9D7}
	EndGlobalSection
EndGlobal
